
Microsoft Visual Studio Solution File, Format Version 12.00
# Visual Studio Version 16
VisualStudioVersion = 16.0.30406.217
MinimumVisualStudioVersion = 10.0.40219.1
Project("{9A19103F-16F7-4668-BE54-9A1E7A4F7556}") = "ServingYouAdmin", "ServingyouAdmin\ServingYouAdmin.csproj", "{CFA82BAC-7956-4F65-8104-C8857DD3375C}"
EndProject
Project("{9A19103F-16F7-4668-BE54-9A1E7A4F7556}") = "ServingYouAdmin.UnitTests", "ServingyouAdmin.UnitTests\ServingYouAdmin.UnitTests.csproj", "{81802D40-ECE9-4D34-858C-BA311C32DCA5}"
EndProject
Global
	GlobalSection(SolutionConfigurationPlatforms) = preSolution
		Debug|Any CPU = Debug|Any CPU
		Release|Any CPU = Release|Any CPU
	EndGlobalSection
	GlobalSection(ProjectConfigurationPlatforms) = postSolution
		{CFA82BAC-7956-4F65-8104-C8857DD3375C}.Debug|Any CPU.ActiveCfg = Debug|Any CPU
		{CFA82BAC-7956-4F65-8104-C8857DD3375C}.Debug|Any CPU.Build.0 = Debug|Any CPU
		{CFA82BAC-7956-4F65-8104-C8857DD3375C}.Release|Any CPU.ActiveCfg = Release|Any CPU
		{CFA82BAC-7956-4F65-8104-C8857DD3375C}.Release|Any CPU.Build.0 = Release|Any CPU
		{81802D40-ECE9-4D34-858C-BA311C32DCA5}.Debug|Any CPU.ActiveCfg = Debug|Any CPU
		{81802D40-ECE9-4D34-858C-BA311C32DCA5}.Debug|Any CPU.Build.0 = Debug|Any CPU
		{81802D40-ECE9-4D34-858C-BA311C32DCA5}.Release|Any CPU.ActiveCfg = Release|Any CPU
		{81802D40-ECE9-4D34-858C-BA311C32DCA5}.Release|Any CPU.Build.0 = Release|Any CPU
	EndGlobalSection
	GlobalSection(SolutionProperties) = preSolution
		HideSolutionNode = FALSE
	EndGlobalSection
	GlobalSection(ExtensibilityGlobals) = postSolution
		SolutionGuid = {4BA7A288-7C0D-4EE9-82C4-F4298C308538}
	EndGlobalSection
EndGlobal
